
Microsoft Visual Studio Solution File, Format Version 12.00
# Visual Studio Version 16
VisualStudioVersion = 16.0.31019.35
MinimumVisualStudioVersion = 10.0.40219.1
Project("{8BC9CEB8-8B4A-11D0-8D11-00A0C91BC942}") = "helloWorld", "helloWorld\helloWorld.vcxproj", "{61AC6B8D-7067-4C92-9B19-8A33A329F99B}"
EndProject
Project("{8BC9CEB8-8B4A-11D0-8D11-00A0C91BC942}") = "EscapeRoom", "EscapeRoom\EscapeRoom.vcxproj", "{6A3C6FFA-E295-4F18-BD4E-9538748AAE67}"
EndProject
Project("{8BC9CEB8-8B4A-11D0-8D11-00A0C91BC942}") = "Mouse", "Mouse\Mouse.vcxproj", "{72FB0D39-0EA1-4A43-A23E-40E395EB20EC}"
EndProject
Project("{8BC9CEB8-8B4A-11D0-8D11-00A0C91BC942}") = "BridgeCrossing", "BridgeCrossing\BridgeCrossing.vcxproj", "{3F887DC7-86B3-4A0E-B4D4-1A8CA44BA73F}"
EndProject
Project("{8BC9CEB8-8B4A-11D0-8D11-00A0C91BC942}") = "Trucking", "Trucking\Trucking.vcxproj", "{88EEDCAD-BCC8-4822-B4C6-99028FB023BE}"
EndProject
Project("{8BC9CEB8-8B4A-11D0-8D11-00A0C91BC942}") = "Surfing", "Spreadsheet\Spreadsheet.vcxproj", "{091E209C-EE1C-4F87-96A3-4B8968C8F797}"
EndProject
Project("{8BC9CEB8-8B4A-11D0-8D11-00A0C91BC942}") = "Golf", "Golf\Golf.vcxproj", "{D467CE30-4B64-45E1-8146-F2A968899BB5}"
EndProject
Project("{8BC9CEB8-8B4A-11D0-8D11-00A0C91BC942}") = "CombiningRiceballs", "CombiningRiceballs\CombiningRiceballs.vcxproj", "{6A515F85-1F82-48A8-9447-08AF25DEF932}"
EndProject
Project("{8BC9CEB8-8B4A-11D0-8D11-00A0C91BC942}") = "Slimes", "Slimes\Slimes.vcxproj", "{74FF0D9C-CE9A-458A-8E39-0C6A2462C451}"
EndProject
Project("{8BC9CEB8-8B4A-11D0-8D11-00A0C91BC942}") = "Frog1", "Frog1\Frog1.vcxproj", "{0762E9E6-07C3-404E-AB49-E68CE09F104B}"
EndProject
Project("{8BC9CEB8-8B4A-11D0-8D11-00A0C91BC942}") = "Frog2", "frog2\frog2.vcxproj", "{124B1081-1359-4CDF-B918-5519DBA930AA}"
EndProject
Project("{8BC9CEB8-8B4A-11D0-8D11-00A0C91BC942}") = "Vacation", "Vacation\Vacation.vcxproj", "{662D8EDA-1C01-4FB4-B4CB-433930F9F5B7}"
EndProject
Project("{8BC9CEB8-8B4A-11D0-8D11-00A0C91BC942}") = "Knapsack", "Knapsack\Knapsack.vcxproj", "{54F3EF87-8BF4-4DD8-9AB1-AFAB9AC4FBA1}"
EndProject
Project("{8BC9CEB8-8B4A-11D0-8D11-00A0C91BC942}") = "knapsack2", "knapsack2\knapsack2.vcxproj", "{52CC5DB4-EE16-4C8A-A83B-9697AD011493}"
EndProject
Project("{8BC9CEB8-8B4A-11D0-8D11-00A0C91BC942}") = "LCS", "LS\LS.vcxproj", "{BD2335AB-60AE-4F3C-BB1F-2DEEF02717A1}"
EndProject
Project("{8BC9CEB8-8B4A-11D0-8D11-00A0C91BC942}") = "Spirals", "Spirals\Spirals.vcxproj", "{84D2995D-7BE7-44D0-8552-45DAF10F8B55}"
EndProject
Project("{8BC9CEB8-8B4A-11D0-8D11-00A0C91BC942}") = "CrazyFencing", "CrazyFencing\CrazyFencing.vcxproj", "{DEF66A3A-07FD-46F4-952E-3C64EED0C116}"
EndProject
Project("{8BC9CEB8-8B4A-11D0-8D11-00A0C91BC942}") = "Modern Art", "Modern Art\Modern Art.vcxproj", "{27280D41-41CC-4B36-8AE7-2C3FEF160EFD}"
EndProject
Project("{8BC9CEB8-8B4A-11D0-8D11-00A0C91BC942}") = "Surmising a Sprinter's Speed", "Surmising a Sprinter's Speed\Surmising a Sprinter's Speed.vcxproj", "{67A5F256-DF0F-41D9-8B20-B8087C28C0ED}"
EndProject
Project("{8BC9CEB8-8B4A-11D0-8D11-00A0C91BC942}") = "Flippers", "Flippers\Flippers.vcxproj", "{5000AEDF-F544-4117-8A9F-10B518A4BAB5}"
EndProject
Project("{8BC9CEB8-8B4A-11D0-8D11-00A0C91BC942}") = "SummingASequence", "SummingASequence\SummingASequence.vcxproj", "{547E4148-284F-475B-81FB-DF5C1F49D4D2}"
EndProject
Project("{8BC9CEB8-8B4A-11D0-8D11-00A0C91BC942}") = "Darcy's Debilitating Demands", "Darcy's Debilitating Demands\Darcy's Debilitating Demands.vcxproj", "{8920B629-8E4E-43A1-AEBA-2BCBC93FDC0C}"
EndProject
Project("{8BC9CEB8-8B4A-11D0-8D11-00A0C91BC942}") = "The Love Letter", "The Love Letter\The Love Letter.vcxproj", "{CDB79E1C-1B49-4801-89E5-8DF12D98C757}"
EndProject
Project("{8BC9CEB8-8B4A-11D0-8D11-00A0C91BC942}") = "A Recursion Problem", "A Recursion Problem\A Recursion Problem.vcxproj", "{3DA3BF8A-3278-4F7A-9258-27CE89EF4714}"
EndProject
Global
	GlobalSection(SolutionConfigurationPlatforms) = preSolution
		Debug|x64 = Debug|x64
		Debug|x86 = Debug|x86
		Release|x64 = Release|x64
		Release|x86 = Release|x86
	EndGlobalSection
	GlobalSection(ProjectConfigurationPlatforms) = postSolution
		{61AC6B8D-7067-4C92-9B19-8A33A329F99B}.Debug|x64.ActiveCfg = Debug|x64
		{61AC6B8D-7067-4C92-9B19-8A33A329F99B}.Debug|x64.Build.0 = Debug|x64
		{61AC6B8D-7067-4C92-9B19-8A33A329F99B}.Debug|x86.ActiveCfg = Debug|Win32
		{61AC6B8D-7067-4C92-9B19-8A33A329F99B}.Debug|x86.Build.0 = Debug|Win32
		{61AC6B8D-7067-4C92-9B19-8A33A329F99B}.Release|x64.ActiveCfg = Release|x64
		{61AC6B8D-7067-4C92-9B19-8A33A329F99B}.Release|x64.Build.0 = Release|x64
		{61AC6B8D-7067-4C92-9B19-8A33A329F99B}.Release|x86.ActiveCfg = Release|Win32
		{61AC6B8D-7067-4C92-9B19-8A33A329F99B}.Release|x86.Build.0 = Release|Win32
		{6A3C6FFA-E295-4F18-BD4E-9538748AAE67}.Debug|x64.ActiveCfg = Debug|x64
		{6A3C6FFA-E295-4F18-BD4E-9538748AAE67}.Debug|x64.Build.0 = Debug|x64
		{6A3C6FFA-E295-4F18-BD4E-9538748AAE67}.Debug|x86.ActiveCfg = Debug|Win32
		{6A3C6FFA-E295-4F18-BD4E-9538748AAE67}.Debug|x86.Build.0 = Debug|Win32
		{6A3C6FFA-E295-4F18-BD4E-9538748AAE67}.Release|x64.ActiveCfg = Release|x64
		{6A3C6FFA-E295-4F18-BD4E-9538748AAE67}.Release|x64.Build.0 = Release|x64
		{6A3C6FFA-E295-4F18-BD4E-9538748AAE67}.Release|x86.ActiveCfg = Release|Win32
		{6A3C6FFA-E295-4F18-BD4E-9538748AAE67}.Release|x86.Build.0 = Release|Win32
		{72FB0D39-0EA1-4A43-A23E-40E395EB20EC}.Debug|x64.ActiveCfg = Debug|x64
		{72FB0D39-0EA1-4A43-A23E-40E395EB20EC}.Debug|x64.Build.0 = Debug|x64
		{72FB0D39-0EA1-4A43-A23E-40E395EB20EC}.Debug|x86.ActiveCfg = Debug|Win32
		{72FB0D39-0EA1-4A43-A23E-40E395EB20EC}.Debug|x86.Build.0 = Debug|Win32
		{72FB0D39-0EA1-4A43-A23E-40E395EB20EC}.Release|x64.ActiveCfg = Release|x64
		{72FB0D39-0EA1-4A43-A23E-40E395EB20EC}.Release|x64.Build.0 = Release|x64
		{72FB0D39-0EA1-4A43-A23E-40E395EB20EC}.Release|x86.ActiveCfg = Release|Win32
		{72FB0D39-0EA1-4A43-A23E-40E395EB20EC}.Release|x86.Build.0 = Release|Win32
		{3F887DC7-86B3-4A0E-B4D4-1A8CA44BA73F}.Debug|x64.ActiveCfg = Debug|x64
		{3F887DC7-86B3-4A0E-B4D4-1A8CA44BA73F}.Debug|x64.Build.0 = Debug|x64
		{3F887DC7-86B3-4A0E-B4D4-1A8CA44BA73F}.Debug|x86.ActiveCfg = Debug|Win32
		{3F887DC7-86B3-4A0E-B4D4-1A8CA44BA73F}.Debug|x86.Build.0 = Debug|Win32
		{3F887DC7-86B3-4A0E-B4D4-1A8CA44BA73F}.Release|x64.ActiveCfg = Release|x64
		{3F887DC7-86B3-4A0E-B4D4-1A8CA44BA73F}.Release|x64.Build.0 = Release|x64
		{3F887DC7-86B3-4A0E-B4D4-1A8CA44BA73F}.Release|x86.ActiveCfg = Release|Win32
		{3F887DC7-86B3-4A0E-B4D4-1A8CA44BA73F}.Release|x86.Build.0 = Release|Win32
		{88EEDCAD-BCC8-4822-B4C6-99028FB023BE}.Debug|x64.ActiveCfg = Debug|x64
		{88EEDCAD-BCC8-4822-B4C6-99028FB023BE}.Debug|x64.Build.0 = Debug|x64
		{88EEDCAD-BCC8-4822-B4C6-99028FB023BE}.Debug|x86.ActiveCfg = Debug|Win32
		{88EEDCAD-BCC8-4822-B4C6-99028FB023BE}.Debug|x86.Build.0 = Debug|Win32
		{88EEDCAD-BCC8-4822-B4C6-99028FB023BE}.Release|x64.ActiveCfg = Release|x64
		{88EEDCAD-BCC8-4822-B4C6-99028FB023BE}.Release|x64.Build.0 = Release|x64
		{88EEDCAD-BCC8-4822-B4C6-99028FB023BE}.Release|x86.ActiveCfg = Release|Win32
		{88EEDCAD-BCC8-4822-B4C6-99028FB023BE}.Release|x86.Build.0 = Release|Win32
		{091E209C-EE1C-4F87-96A3-4B8968C8F797}.Debug|x64.ActiveCfg = Debug|x64
		{091E209C-EE1C-4F87-96A3-4B8968C8F797}.Debug|x64.Build.0 = Debug|x64
		{091E209C-EE1C-4F87-96A3-4B8968C8F797}.Debug|x86.ActiveCfg = Debug|Win32
		{091E209C-EE1C-4F87-96A3-4B8968C8F797}.Debug|x86.Build.0 = Debug|Win32
		{091E209C-EE1C-4F87-96A3-4B8968C8F797}.Release|x64.ActiveCfg = Release|x64
		{091E209C-EE1C-4F87-96A3-4B8968C8F797}.Release|x64.Build.0 = Release|x64
		{091E209C-EE1C-4F87-96A3-4B8968C8F797}.Release|x86.ActiveCfg = Release|Win32
		{091E209C-EE1C-4F87-96A3-4B8968C8F797}.Release|x86.Build.0 = Release|Win32
		{D467CE30-4B64-45E1-8146-F2A968899BB5}.Debug|x64.ActiveCfg = Debug|x64
		{D467CE30-4B64-45E1-8146-F2A968899BB5}.Debug|x64.Build.0 = Debug|x64
		{D467CE30-4B64-45E1-8146-F2A968899BB5}.Debug|x86.ActiveCfg = Debug|Win32
		{D467CE30-4B64-45E1-8146-F2A968899BB5}.Debug|x86.Build.0 = Debug|Win32
		{D467CE30-4B64-45E1-8146-F2A968899BB5}.Release|x64.ActiveCfg = Release|x64
		{D467CE30-4B64-45E1-8146-F2A968899BB5}.Release|x64.Build.0 = Release|x64
		{D467CE30-4B64-45E1-8146-F2A968899BB5}.Release|x86.ActiveCfg = Release|Win32
		{D467CE30-4B64-45E1-8146-F2A968899BB5}.Release|x86.Build.0 = Release|Win32
		{6A515F85-1F82-48A8-9447-08AF25DEF932}.Debug|x64.ActiveCfg = Debug|x64
		{6A515F85-1F82-48A8-9447-08AF25DEF932}.Debug|x64.Build.0 = Debug|x64
		{6A515F85-1F82-48A8-9447-08AF25DEF932}.Debug|x86.ActiveCfg = Debug|Win32
		{6A515F85-1F82-48A8-9447-08AF25DEF932}.Debug|x86.Build.0 = Debug|Win32
		{6A515F85-1F82-48A8-9447-08AF25DEF932}.Release|x64.ActiveCfg = Release|x64
		{6A515F85-1F82-48A8-9447-08AF25DEF932}.Release|x64.Build.0 = Release|x64
		{6A515F85-1F82-48A8-9447-08AF25DEF932}.Release|x86.ActiveCfg = Release|Win32
		{6A515F85-1F82-48A8-9447-08AF25DEF932}.Release|x86.Build.0 = Release|Win32
		{74FF0D9C-CE9A-458A-8E39-0C6A2462C451}.Debug|x64.ActiveCfg = Debug|x64
		{74FF0D9C-CE9A-458A-8E39-0C6A2462C451}.Debug|x64.Build.0 = Debug|x64
		{74FF0D9C-CE9A-458A-8E39-0C6A2462C451}.Debug|x86.ActiveCfg = Debug|Win32
		{74FF0D9C-CE9A-458A-8E39-0C6A2462C451}.Debug|x86.Build.0 = Debug|Win32
		{74FF0D9C-CE9A-458A-8E39-0C6A2462C451}.Release|x64.ActiveCfg = Release|x64
		{74FF0D9C-CE9A-458A-8E39-0C6A2462C451}.Release|x64.Build.0 = Release|x64
		{74FF0D9C-CE9A-458A-8E39-0C6A2462C451}.Release|x86.ActiveCfg = Release|Win32
		{74FF0D9C-CE9A-458A-8E39-0C6A2462C451}.Release|x86.Build.0 = Release|Win32
		{0762E9E6-07C3-404E-AB49-E68CE09F104B}.Debug|x64.ActiveCfg = Debug|x64
		{0762E9E6-07C3-404E-AB49-E68CE09F104B}.Debug|x64.Build.0 = Debug|x64
		{0762E9E6-07C3-404E-AB49-E68CE09F104B}.Debug|x86.ActiveCfg = Debug|Win32
		{0762E9E6-07C3-404E-AB49-E68CE09F104B}.Debug|x86.Build.0 = Debug|Win32
		{0762E9E6-07C3-404E-AB49-E68CE09F104B}.Release|x64.ActiveCfg = Release|x64
		{0762E9E6-07C3-404E-AB49-E68CE09F104B}.Release|x64.Build.0 = Release|x64
		{0762E9E6-07C3-404E-AB49-E68CE09F104B}.Release|x86.ActiveCfg = Release|Win32
		{0762E9E6-07C3-404E-AB49-E68CE09F104B}.Release|x86.Build.0 = Release|Win32
		{124B1081-1359-4CDF-B918-5519DBA930AA}.Debug|x64.ActiveCfg = Debug|x64
		{124B1081-1359-4CDF-B918-5519DBA930AA}.Debug|x64.Build.0 = Debug|x64
		{124B1081-1359-4CDF-B918-5519DBA930AA}.Debug|x86.ActiveCfg = Debug|Win32
		{124B1081-1359-4CDF-B918-5519DBA930AA}.Debug|x86.Build.0 = Debug|Win32
		{124B1081-1359-4CDF-B918-5519DBA930AA}.Release|x64.ActiveCfg = Release|x64
		{124B1081-1359-4CDF-B918-5519DBA930AA}.Release|x64.Build.0 = Release|x64
		{124B1081-1359-4CDF-B918-5519DBA930AA}.Release|x86.ActiveCfg = Release|Win32
		{124B1081-1359-4CDF-B918-5519DBA930AA}.Release|x86.Build.0 = Release|Win32
		{662D8EDA-1C01-4FB4-B4CB-433930F9F5B7}.Debug|x64.ActiveCfg = Debug|x64
		{662D8EDA-1C01-4FB4-B4CB-433930F9F5B7}.Debug|x64.Build.0 = Debug|x64
		{662D8EDA-1C01-4FB4-B4CB-433930F9F5B7}.Debug|x86.ActiveCfg = Debug|Win32
		{662D8EDA-1C01-4FB4-B4CB-433930F9F5B7}.Debug|x86.Build.0 = Debug|Win32
		{662D8EDA-1C01-4FB4-B4CB-433930F9F5B7}.Release|x64.ActiveCfg = Release|x64
		{662D8EDA-1C01-4FB4-B4CB-433930F9F5B7}.Release|x64.Build.0 = Release|x64
		{662D8EDA-1C01-4FB4-B4CB-433930F9F5B7}.Release|x86.ActiveCfg = Release|Win32
		{662D8EDA-1C01-4FB4-B4CB-433930F9F5B7}.Release|x86.Build.0 = Release|Win32
		{54F3EF87-8BF4-4DD8-9AB1-AFAB9AC4FBA1}.Debug|x64.ActiveCfg = Debug|x64
		{54F3EF87-8BF4-4DD8-9AB1-AFAB9AC4FBA1}.Debug|x64.Build.0 = Debug|x64
		{54F3EF87-8BF4-4DD8-9AB1-AFAB9AC4FBA1}.Debug|x86.ActiveCfg = Debug|Win32
		{54F3EF87-8BF4-4DD8-9AB1-AFAB9AC4FBA1}.Debug|x86.Build.0 = Debug|Win32
		{54F3EF87-8BF4-4DD8-9AB1-AFAB9AC4FBA1}.Release|x64.ActiveCfg = Release|x64
		{54F3EF87-8BF4-4DD8-9AB1-AFAB9AC4FBA1}.Release|x64.Build.0 = Release|x64
		{54F3EF87-8BF4-4DD8-9AB1-AFAB9AC4FBA1}.Release|x86.ActiveCfg = Release|Win32
		{54F3EF87-8BF4-4DD8-9AB1-AFAB9AC4FBA1}.Release|x86.Build.0 = Release|Win32
		{52CC5DB4-EE16-4C8A-A83B-9697AD011493}.Debug|x64.ActiveCfg = Debug|x64
		{52CC5DB4-EE16-4C8A-A83B-9697AD011493}.Debug|x64.Build.0 = Debug|x64
		{52CC5DB4-EE16-4C8A-A83B-9697AD011493}.Debug|x86.ActiveCfg = Debug|Win32
		{52CC5DB4-EE16-4C8A-A83B-9697AD011493}.Debug|x86.Build.0 = Debug|Win32
		{52CC5DB4-EE16-4C8A-A83B-9697AD011493}.Release|x64.ActiveCfg = Release|x64
		{52CC5DB4-EE16-4C8A-A83B-9697AD011493}.Release|x64.Build.0 = Release|x64
		{52CC5DB4-EE16-4C8A-A83B-9697AD011493}.Release|x86.ActiveCfg = Release|Win32
		{52CC5DB4-EE16-4C8A-A83B-9697AD011493}.Release|x86.Build.0 = Release|Win32
		{BD2335AB-60AE-4F3C-BB1F-2DEEF02717A1}.Debug|x64.ActiveCfg = Debug|x64
		{BD2335AB-60AE-4F3C-BB1F-2DEEF02717A1}.Debug|x64.Build.0 = Debug|x64
		{BD2335AB-60AE-4F3C-BB1F-2DEEF02717A1}.Debug|x86.ActiveCfg = Debug|Win32
		{BD2335AB-60AE-4F3C-BB1F-2DEEF02717A1}.Debug|x86.Build.0 = Debug|Win32
		{BD2335AB-60AE-4F3C-BB1F-2DEEF02717A1}.Release|x64.ActiveCfg = Release|x64
		{BD2335AB-60AE-4F3C-BB1F-2DEEF02717A1}.Release|x64.Build.0 = Release|x64
		{BD2335AB-60AE-4F3C-BB1F-2DEEF02717A1}.Release|x86.ActiveCfg = Release|Win32
		{BD2335AB-60AE-4F3C-BB1F-2DEEF02717A1}.Release|x86.Build.0 = Release|Win32
		{84D2995D-7BE7-44D0-8552-45DAF10F8B55}.Debug|x64.ActiveCfg = Debug|x64
		{84D2995D-7BE7-44D0-8552-45DAF10F8B55}.Debug|x64.Build.0 = Debug|x64
		{84D2995D-7BE7-44D0-8552-45DAF10F8B55}.Debug|x86.ActiveCfg = Debug|Win32
		{84D2995D-7BE7-44D0-8552-45DAF10F8B55}.Debug|x86.Build.0 = Debug|Win32
		{84D2995D-7BE7-44D0-8552-45DAF10F8B55}.Release|x64.ActiveCfg = Release|x64
		{84D2995D-7BE7-44D0-8552-45DAF10F8B55}.Release|x64.Build.0 = Release|x64
		{84D2995D-7BE7-44D0-8552-45DAF10F8B55}.Release|x86.ActiveCfg = Release|Win32
		{84D2995D-7BE7-44D0-8552-45DAF10F8B55}.Release|x86.Build.0 = Release|Win32
		{DEF66A3A-07FD-46F4-952E-3C64EED0C116}.Debug|x64.ActiveCfg = Debug|x64
		{DEF66A3A-07FD-46F4-952E-3C64EED0C116}.Debug|x64.Build.0 = Debug|x64
		{DEF66A3A-07FD-46F4-952E-3C64EED0C116}.Debug|x86.ActiveCfg = Debug|Win32
		{DEF66A3A-07FD-46F4-952E-3C64EED0C116}.Debug|x86.Build.0 = Debug|Win32
		{DEF66A3A-07FD-46F4-952E-3C64EED0C116}.Release|x64.ActiveCfg = Release|x64
		{DEF66A3A-07FD-46F4-952E-3C64EED0C116}.Release|x64.Build.0 = Release|x64
		{DEF66A3A-07FD-46F4-952E-3C64EED0C116}.Release|x86.ActiveCfg = Release|Win32
		{DEF66A3A-07FD-46F4-952E-3C64EED0C116}.Release|x86.Build.0 = Release|Win32
		{27280D41-41CC-4B36-8AE7-2C3FEF160EFD}.Debug|x64.ActiveCfg = Debug|x64
		{27280D41-41CC-4B36-8AE7-2C3FEF160EFD}.Debug|x64.Build.0 = Debug|x64
		{27280D41-41CC-4B36-8AE7-2C3FEF160EFD}.Debug|x86.ActiveCfg = Debug|Win32
		{27280D41-41CC-4B36-8AE7-2C3FEF160EFD}.Debug|x86.Build.0 = Debug|Win32
		{27280D41-41CC-4B36-8AE7-2C3FEF160EFD}.Release|x64.ActiveCfg = Release|x64
		{27280D41-41CC-4B36-8AE7-2C3FEF160EFD}.Release|x64.Build.0 = Release|x64
		{27280D41-41CC-4B36-8AE7-2C3FEF160EFD}.Release|x86.ActiveCfg = Release|Win32
		{27280D41-41CC-4B36-8AE7-2C3FEF160EFD}.Release|x86.Build.0 = Release|Win32
		{67A5F256-DF0F-41D9-8B20-B8087C28C0ED}.Debug|x64.ActiveCfg = Debug|x64
		{67A5F256-DF0F-41D9-8B20-B8087C28C0ED}.Debug|x64.Build.0 = Debug|x64
		{67A5F256-DF0F-41D9-8B20-B8087C28C0ED}.Debug|x86.ActiveCfg = Debug|Win32
		{67A5F256-DF0F-41D9-8B20-B8087C28C0ED}.Debug|x86.Build.0 = Debug|Win32
		{67A5F256-DF0F-41D9-8B20-B8087C28C0ED}.Release|x64.ActiveCfg = Release|x64
		{67A5F256-DF0F-41D9-8B20-B8087C28C0ED}.Release|x64.Build.0 = Release|x64
		{67A5F256-DF0F-41D9-8B20-B8087C28C0ED}.Release|x86.ActiveCfg = Release|Win32
		{67A5F256-DF0F-41D9-8B20-B8087C28C0ED}.Release|x86.Build.0 = Release|Win32
		{5000AEDF-F544-4117-8A9F-10B518A4BAB5}.Debug|x64.ActiveCfg = Debug|x64
		{5000AEDF-F544-4117-8A9F-10B518A4BAB5}.Debug|x64.Build.0 = Debug|x64
		{5000AEDF-F544-4117-8A9F-10B518A4BAB5}.Debug|x86.ActiveCfg = Debug|Win32
		{5000AEDF-F544-4117-8A9F-10B518A4BAB5}.Debug|x86.Build.0 = Debug|Win32
		{5000AEDF-F544-4117-8A9F-10B518A4BAB5}.Release|x64.ActiveCfg = Release|x64
		{5000AEDF-F544-4117-8A9F-10B518A4BAB5}.Release|x64.Build.0 = Release|x64
		{5000AEDF-F544-4117-8A9F-10B518A4BAB5}.Release|x86.ActiveCfg = Release|Win32
		{5000AEDF-F544-4117-8A9F-10B518A4BAB5}.Release|x86.Build.0 = Release|Win32
		{547E4148-284F-475B-81FB-DF5C1F49D4D2}.Debug|x64.ActiveCfg = Debug|x64
		{547E4148-284F-475B-81FB-DF5C1F49D4D2}.Debug|x64.Build.0 = Debug|x64
		{547E4148-284F-475B-81FB-DF5C1F49D4D2}.Debug|x86.ActiveCfg = Debug|Win32
		{547E4148-284F-475B-81FB-DF5C1F49D4D2}.Debug|x86.Build.0 = Debug|Win32
		{547E4148-284F-475B-81FB-DF5C1F49D4D2}.Release|x64.ActiveCfg = Release|x64
		{547E4148-284F-475B-81FB-DF5C1F49D4D2}.Release|x64.Build.0 = Release|x64
		{547E4148-284F-475B-81FB-DF5C1F49D4D2}.Release|x86.ActiveCfg = Release|Win32
		{547E4148-284F-475B-81FB-DF5C1F49D4D2}.Release|x86.Build.0 = Release|Win32
		{8920B629-8E4E-43A1-AEBA-2BCBC93FDC0C}.Debug|x64.ActiveCfg = Debug|x64
		{8920B629-8E4E-43A1-AEBA-2BCBC93FDC0C}.Debug|x64.Build.0 = Debug|x64
		{8920B629-8E4E-43A1-AEBA-2BCBC93FDC0C}.Debug|x86.ActiveCfg = Debug|Win32
		{8920B629-8E4E-43A1-AEBA-2BCBC93FDC0C}.Debug|x86.Build.0 = Debug|Win32
		{8920B629-8E4E-43A1-AEBA-2BCBC93FDC0C}.Release|x64.ActiveCfg = Release|x64
		{8920B629-8E4E-43A1-AEBA-2BCBC93FDC0C}.Release|x64.Build.0 = Release|x64
		{8920B629-8E4E-43A1-AEBA-2BCBC93FDC0C}.Release|x86.ActiveCfg = Release|Win32
		{8920B629-8E4E-43A1-AEBA-2BCBC93FDC0C}.Release|x86.Build.0 = Release|Win32
		{CDB79E1C-1B49-4801-89E5-8DF12D98C757}.Debug|x64.ActiveCfg = Debug|x64
		{CDB79E1C-1B49-4801-89E5-8DF12D98C757}.Debug|x64.Build.0 = Debug|x64
		{CDB79E1C-1B49-4801-89E5-8DF12D98C757}.Debug|x86.ActiveCfg = Debug|Win32
		{CDB79E1C-1B49-4801-89E5-8DF12D98C757}.Debug|x86.Build.0 = Debug|Win32
		{CDB79E1C-1B49-4801-89E5-8DF12D98C757}.Release|x64.ActiveCfg = Release|x64
		{CDB79E1C-1B49-4801-89E5-8DF12D98C757}.Release|x64.Build.0 = Release|x64
		{CDB79E1C-1B49-4801-89E5-8DF12D98C757}.Release|x86.ActiveCfg = Release|Win32
		{CDB79E1C-1B49-4801-89E5-8DF12D98C757}.Release|x86.Build.0 = Release|Win32
		{3DA3BF8A-3278-4F7A-9258-27CE89EF4714}.Debug|x64.ActiveCfg = Debug|x64
		{3DA3BF8A-3278-4F7A-9258-27CE89EF4714}.Debug|x64.Build.0 = Debug|x64
		{3DA3BF8A-3278-4F7A-9258-27CE89EF4714}.Debug|x86.ActiveCfg = Debug|Win32
		{3DA3BF8A-3278-4F7A-9258-27CE89EF4714}.Debug|x86.Build.0 = Debug|Win32
		{3DA3BF8A-3278-4F7A-9258-27CE89EF4714}.Release|x64.ActiveCfg = Release|x64
		{3DA3BF8A-3278-4F7A-9258-27CE89EF4714}.Release|x64.Build.0 = Release|x64
		{3DA3BF8A-3278-4F7A-9258-27CE89EF4714}.Release|x86.ActiveCfg = Release|Win32
		{3DA3BF8A-3278-4F7A-9258-27CE89EF4714}.Release|x86.Build.0 = Release|Win32
	EndGlobalSection
	GlobalSection(SolutionProperties) = preSolution
		HideSolutionNode = FALSE
	EndGlobalSection
	GlobalSection(ExtensibilityGlobals) = postSolution
		SolutionGuid = {1CBA9114-371E-47A3-94E3-541DA2FFB672}
	EndGlobalSection
EndGlobal
